
Microsoft Visual Studio Solution File, Format Version 12.00
# Visual Studio 15
VisualStudioVersion = 15.0.26730.10
MinimumVisualStudioVersion = 10.0.40219.1
Project("{FAE04EC0-301F-11D3-BF4B-00C04F79EFBC}") = "PokemonDatabase", "PokemonDatabase.csproj", "{6FD34749-C186-4983-A855-9E96027C709B}"
EndProject
Global
	GlobalSection(SolutionConfigurationPlatforms) = preSolution
		Debug|Any CPU = Debug|Any CPU
		Release|Any CPU = Release|Any CPU
	EndGlobalSection
	GlobalSection(ProjectConfigurationPlatforms) = postSolution
		{6FD34749-C186-4983-A855-9E96027C709B}.Debug|Any CPU.ActiveCfg = Debug|Any CPU
		{6FD34749-C186-4983-A855-9E96027C709B}.Debug|Any CPU.Build.0 = Debug|Any CPU
		{6FD34749-C186-4983-A855-9E96027C709B}.Release|Any CPU.ActiveCfg = Release|Any CPU
		{6FD34749-C186-4983-A855-9E96027C709B}.Release|Any CPU.Build.0 = Release|Any CPU
	EndGlobalSection
	GlobalSection(SolutionProperties) = preSolution
		HideSolutionNode = FALSE
	EndGlobalSection
	GlobalSection(ExtensibilityGlobals) = postSolution
		SolutionGuid = {84DB9E4C-E487-4394-8020-8938D72B2F7A}
	EndGlobalSection
EndGlobal
